
Microsoft Visual Studio Solution File, Format Version 12.00
Project("{9A19103F-16F7-4668-BE54-9A1E7A4F7556}") = "_build", "build\_build.csproj", "{8D664750-9444-471E-958F-4D6490B1A7D9}"
EndProject
Project("{2150E333-8FDC-42A3-9474-1A3956D46DE8}") = "Solution Items", "Solution Items", "{ED032A31-6150-4BD8-B433-37DD1865F897}"
	ProjectSection(SolutionItems) = preProject
		package.json = package.json
	EndProjectSection
EndProject
Global
	GlobalSection(SolutionConfigurationPlatforms) = preSolution
		Debug|Any CPU = Debug|Any CPU
		Release|Any CPU = Release|Any CPU
	EndGlobalSection
	GlobalSection(ProjectConfigurationPlatforms) = postSolution
		{8D664750-9444-471E-958F-4D6490B1A7D9}.Debug|Any CPU.ActiveCfg = Debug|Any CPU
		{8D664750-9444-471E-958F-4D6490B1A7D9}.Release|Any CPU.ActiveCfg = Release|Any CPU
	EndGlobalSection
EndGlobal
