{
  "name": "NukeNpmSymlinkProblem",
  "lockfileVersion": 2,
  "requires": true,
  "packages": {
    "": {
      "dependencies": {
        "@materializecss/materialize": "^1.1.0",
        "aurelia-materialize-bridge": "^1.6.4"
      }
    },
    "node_modules/@materializecss/materialize": {
      "version": "1.1.0",
      "resolved": "https://registry.npmjs.org/@materializecss/materialize/-/materialize-1.1.0.tgz",
      "integrity": "sha512-W2MrDC8mzpMWyP2OpS0RWTWGcLiRRBz7kn2E9TsbardPyVNFdoNvXq5sLy3NcEfAlACc1+L7Q95+pBuUX44dRg=="
    },
    "node_modules/aurelia-binding": {
      "version": "2.5.4",
      "resolved": "https://registry.npmjs.org/aurelia-binding/-/aurelia-binding-2.5.4.tgz",
      "integrity": "sha512-tYhYCFvQne+chO3p8KntCWj0r8oCXiCOGQ0yFbthHDBpjjTA4QlBwpGQ8nlGoGDKj7n4PoobeIjN3lEDKgKUyw==",
      "peer": true,
      "dependencies": {
        "aurelia-logging": "^1.0.0",
        "aurelia-metadata": "^1.0.0",
        "aurelia-pal": "^1.0.0",
        "aurelia-task-queue": "^1.0.0"
      }
    },
    "node_modules/aurelia-dependency-injection": {
      "version": "1.5.2",
      "resolved": "https://registry.npmjs.org/aurelia-dependency-injection/-/aurelia-dependency-injection-1.5.2.tgz",
      "integrity": "sha512-LnKgpXzKuG2A/YPGeg5OOw8zvkbvDBMRJA9QDCjZlxymsPI98dwggNSQHI8UK+hTIBqOmjjRxqdMoeROo2Gpbw==",
      "peer": true,
      "dependencies": {
        "aurelia-metadata": "^1.0.0",
        "aurelia-pal": "^1.0.0"
      }
    },
    "node_modules/aurelia-event-aggregator": {
      "version": "1.0.3",
      "resolved": "https://registry.npmjs.org/aurelia-event-aggregator/-/aurelia-event-aggregator-1.0.3.tgz",
      "integrity": "sha512-8fSWNCgh3gIsq/MgE+njVnUlYS05D6acyC8aJECekNWYecdBz46ckEblywP1ZNHLIt3u/Ws0oMqiOp1Jjw+0hw==",
      "peer": true,
      "dependencies": {
        "aurelia-logging": "^1.0.0"
      }
    },
    "node_modules/aurelia-framework": {
      "version": "1.4.1",
      "resolved": "https://registry.npmjs.org/aurelia-framework/-/aurelia-framework-1.4.1.tgz",
      "integrity": "sha512-oFnJyqqIDk2Kk7iSy2YNm2MNQMbTVEiPpa9q0oGfDLclqUgv+L05rnkEW9vEpVTUMV8gmOTxIrDidNICrDT7HA==",
      "peer": true,
      "dependencies": {
        "aurelia-binding": "^2.0.0",
        "aurelia-dependency-injection": "^1.0.0",
        "aurelia-loader": "^1.0.0",
        "aurelia-logging": "^1.0.0",
        "aurelia-metadata": "^1.0.0",
        "aurelia-pal": "^1.0.0",
        "aurelia-path": "^1.1.7",
        "aurelia-task-queue": "^1.0.0",
        "aurelia-templating": "^1.11.1"
      }
    },
    "node_modules/aurelia-history": {
      "version": "1.2.1",
      "resolved": "https://registry.npmjs.org/aurelia-history/-/aurelia-history-1.2.1.tgz",
      "integrity": "sha512-mHRgGtOKkvSc7ggdJvQGhjERSW0X4TNasa6JojkWGz9e6swe0HpFysKyMt+Hp7jYmGgiuCcQnM09lhDU1YExPA==",
      "peer": true
    },
    "node_modules/aurelia-loader": {
      "version": "1.0.2",
      "resolved": "https://registry.npmjs.org/aurelia-loader/-/aurelia-loader-1.0.2.tgz",
      "integrity": "sha512-3owEe5Zsk8cIJG+zcxN6gzqUr2z2c+FKhtrL49e1j8vE4ccQQjXg+tvKFnfBVf3pwma6A474WsdK8poYhoVZyA==",
      "peer": true,
      "dependencies": {
        "aurelia-metadata": "^1.0.0",
        "aurelia-path": "^1.0.0"
      }
    },
    "node_modules/aurelia-logging": {
      "version": "1.5.2",
      "resolved": "https://registry.npmjs.org/aurelia-logging/-/aurelia-logging-1.5.2.tgz",
      "integrity": "sha512-R0UdpGYBNSosBZ9WefmoIpgr36szFwQrRk2pbblhI+Vx911dUEEW85QXb6BRKVAP1ykz52Fuq8lCZxR6UupQXA==",
      "peer": true
    },
    "node_modules/aurelia-materialize-bridge": {
      "version": "1.6.4",
      "resolved": "https://registry.npmjs.org/aurelia-materialize-bridge/-/aurelia-materialize-bridge-1.6.4.tgz",
      "integrity": "sha512-7PWeScHWQJ0xh9YkhEUS13CXsUjXrlwkxSOdEYvs1gipepvhWecxyWBdZWMTmPAzrzXgCUo1GF1YY7jFEXXNRQ==",
      "peerDependencies": {
        "aurelia-framework": ">=1.2.0",
        "aurelia-router": ">=1.5.0",
        "aurelia-typed-observable-plugin": ">=0.3.5",
        "aurelia-validation": ">=1.1.3",
        "materialize-css": ">=1.0.0",
        "tslib": ">=1.9.0"
      }
    },
    "node_modules/aurelia-materialize-bridge/@materializecss/materialize": {
      "peer": true
    },
    "node_modules/aurelia-metadata": {
      "version": "1.0.7",
      "resolved": "https://registry.npmjs.org/aurelia-metadata/-/aurelia-metadata-1.0.7.tgz",
      "integrity": "sha512-6Q3VV5VvCRjvJyICESwCNSWLkaYml9PAxHo5SjzVv+HNmvFtQRKRazczwECbTD6IWiE+O90+PmamPy4Ac2YnTA==",
      "peer": true,
      "dependencies": {
        "aurelia-pal": "^1.0.0"
      }
    },
    "node_modules/aurelia-pal": {
      "version": "1.8.2",
      "resolved": "https://registry.npmjs.org/aurelia-pal/-/aurelia-pal-1.8.2.tgz",
      "integrity": "sha512-6erozUK5aaD88PvThs/L87kLsqxqPaBU59PGECr36v9yezhve0BHqpKgbtJ8haHJSiH80K9lsJtXfefedS/3sw==",
      "peer": true
    },
    "node_modules/aurelia-path": {
      "version": "1.1.7",
      "resolved": "https://registry.npmjs.org/aurelia-path/-/aurelia-path-1.1.7.tgz",
      "integrity": "sha512-D6/Tz8jE8b2+Y8Pt6P/fxF6xfJGef+TA6YEljzo1kEzyzbxIvwfqc7pK6i/XGY3LowlumPqrhxkfMjPxLpFIcA==",
      "peer": true
    },
    "node_modules/aurelia-route-recognizer": {
      "version": "1.3.2",
      "resolved": "https://registry.npmjs.org/aurelia-route-recognizer/-/aurelia-route-recognizer-1.3.2.tgz",
      "integrity": "sha512-nBlNSVmN1aX6KpzCzbISrolX8ETqt/Otet+Lp2qpI98ib9ZoSXVrFDZSgPaOSJaUs3A0r+felLSqBm3NNHqy4g==",
      "peer": true,
      "dependencies": {
        "aurelia-path": "^1.0.0"
      }
    },
    "node_modules/aurelia-router": {
      "version": "1.7.1",
      "resolved": "https://registry.npmjs.org/aurelia-router/-/aurelia-router-1.7.1.tgz",
      "integrity": "sha512-P6xxikeHHzVLxpZD8tvTwGJmEHY3M1MPTiIYzk32s85scd4kQ77FgQWo77ujYNv6hjrExifLFbrxIB7pUEziIQ==",
      "peer": true,
      "dependencies": {
        "aurelia-dependency-injection": "^1.0.0",
        "aurelia-event-aggregator": "^1.0.0",
        "aurelia-history": "^1.1.0",
        "aurelia-logging": "^1.0.0",
        "aurelia-path": "^1.0.0",
        "aurelia-route-recognizer": "^1.3.2"
      },
      "peerDependencies": {
        "aurelia-history": "^1.1.0"
      }
    },
    "node_modules/aurelia-task-queue": {
      "version": "1.3.3",
      "resolved": "https://registry.npmjs.org/aurelia-task-queue/-/aurelia-task-queue-1.3.3.tgz",
      "integrity": "sha512-ua3J2YO+cZgpn1MqxPlanSDXG4SB0BXotxYDW1iL5f6AsoEvJ3BycZJYw/N9hMQKmWniOeaBr7wGQ+KDiZFywQ==",
      "peer": true,
      "dependencies": {
        "aurelia-pal": "^1.0.0"
      }
    },
    "node_modules/aurelia-templating": {
      "version": "1.11.1",
      "resolved": "https://registry.npmjs.org/aurelia-templating/-/aurelia-templating-1.11.1.tgz",
      "integrity": "sha512-7Zrb/yvnIYBIlqGaLXIiBsmWMoFwo3SSoxyoucqWe/M80YpR4LJaTEKoZxhZZI6x9pU+tlFOBkwd/sA1JqPR8w==",
      "peer": true,
      "dependencies": {
        "aurelia-binding": "^2.0.0",
        "aurelia-dependency-injection": "^1.0.0",
        "aurelia-loader": "^1.0.0",
        "aurelia-logging": "^1.0.0",
        "aurelia-metadata": "^1.0.0",
        "aurelia-pal": "^1.0.0",
        "aurelia-path": "^1.1.7",
        "aurelia-task-queue": "^1.1.0"
      }
    },
    "node_modules/aurelia-typed-observable-plugin": {
      "version": "0.5.1",
      "resolved": "https://registry.npmjs.org/aurelia-typed-observable-plugin/-/aurelia-typed-observable-plugin-0.5.1.tgz",
      "integrity": "sha512-haZxpYa6awKmEF9o7PWF2T0fy4dRQ44ocE1KNATj5dmlp85UAC/sEEKGWez/75h6tFzOljGfSUY3Ng6avHM3LA==",
      "peer": true,
      "dependencies": {
        "aurelia-binding": "^2.0.0",
        "aurelia-logging": "^1.5.0",
        "aurelia-metadata": "^1.0.4",
        "aurelia-pal": "^1.7.0",
        "aurelia-task-queue": "^1.3.1",
        "aurelia-templating": "^1.11.1"
      }
    },
    "node_modules/aurelia-validation": {
      "version": "1.6.0",
      "resolved": "https://registry.npmjs.org/aurelia-validation/-/aurelia-validation-1.6.0.tgz",
      "integrity": "sha512-47TbZ4VUwiVTfWexTjCMAd4DFMc8VqkibwSBZMe1/RPtgSsMffkXucQO5ANNI/e7N2+utx0qaTmEZpgGWvLL7w==",
      "peer": true,
      "dependencies": {
        "aurelia-binding": "^2.5.2",
        "aurelia-dependency-injection": "^1.5.0",
        "aurelia-logging": "^1.5.0",
        "aurelia-pal": "^1.8.0",
        "aurelia-task-queue": "^1.3.1",
        "aurelia-templating": "^1.9.0"
      }
    },
    "node_modules/materialize-css": {
      "resolved": "node_modules/aurelia-materialize-bridge/@materializecss/materialize",
      "link": true
    },
    "node_modules/tslib": {
      "version": "2.4.0",
      "resolved": "https://registry.npmjs.org/tslib/-/tslib-2.4.0.tgz",
      "integrity": "sha512-d6xOpEDfsi2CZVlPQzGeux8XMwLT9hssAsaPYExaQMuYskwb+x1x7J371tWlbBdWHroy99KnVB6qIkUbs5X3UQ==",
      "peer": true
    }
  },
  "dependencies": {
    "@materializecss/materialize": {
      "version": "1.1.0",
      "resolved": "https://registry.npmjs.org/@materializecss/materialize/-/materialize-1.1.0.tgz",
      "integrity": "sha512-W2MrDC8mzpMWyP2OpS0RWTWGcLiRRBz7kn2E9TsbardPyVNFdoNvXq5sLy3NcEfAlACc1+L7Q95+pBuUX44dRg=="
    },
    "aurelia-binding": {
      "version": "2.5.4",
      "resolved": "https://registry.npmjs.org/aurelia-binding/-/aurelia-binding-2.5.4.tgz",
      "integrity": "sha512-tYhYCFvQne+chO3p8KntCWj0r8oCXiCOGQ0yFbthHDBpjjTA4QlBwpGQ8nlGoGDKj7n4PoobeIjN3lEDKgKUyw==",
      "peer": true,
      "requires": {
        "aurelia-logging": "^1.0.0",
        "aurelia-metadata": "^1.0.0",
        "aurelia-pal": "^1.0.0",
        "aurelia-task-queue": "^1.0.0"
      }
    },
    "aurelia-dependency-injection": {
      "version": "1.5.2",
      "resolved": "https://registry.npmjs.org/aurelia-dependency-injection/-/aurelia-dependency-injection-1.5.2.tgz",
      "integrity": "sha512-LnKgpXzKuG2A/YPGeg5OOw8zvkbvDBMRJA9QDCjZlxymsPI98dwggNSQHI8UK+hTIBqOmjjRxqdMoeROo2Gpbw==",
      "peer": true,
      "requires": {
        "aurelia-metadata": "^1.0.0",
        "aurelia-pal": "^1.0.0"
      }
    },
    "aurelia-event-aggregator": {
      "version": "1.0.3",
      "resolved": "https://registry.npmjs.org/aurelia-event-aggregator/-/aurelia-event-aggregator-1.0.3.tgz",
      "integrity": "sha512-8fSWNCgh3gIsq/MgE+njVnUlYS05D6acyC8aJECekNWYecdBz46ckEblywP1ZNHLIt3u/Ws0oMqiOp1Jjw+0hw==",
      "peer": true,
      "requires": {
        "aurelia-logging": "^1.0.0"
      }
    },
    "aurelia-framework": {
      "version": "1.4.1",
      "resolved": "https://registry.npmjs.org/aurelia-framework/-/aurelia-framework-1.4.1.tgz",
      "integrity": "sha512-oFnJyqqIDk2Kk7iSy2YNm2MNQMbTVEiPpa9q0oGfDLclqUgv+L05rnkEW9vEpVTUMV8gmOTxIrDidNICrDT7HA==",
      "peer": true,
      "requires": {
        "aurelia-binding": "^2.0.0",
        "aurelia-dependency-injection": "^1.0.0",
        "aurelia-loader": "^1.0.0",
        "aurelia-logging": "^1.0.0",
        "aurelia-metadata": "^1.0.0",
        "aurelia-pal": "^1.0.0",
        "aurelia-path": "^1.1.7",
        "aurelia-task-queue": "^1.0.0",
        "aurelia-templating": "^1.11.1"
      }
    },
    "aurelia-history": {
      "version": "1.2.1",
      "resolved": "https://registry.npmjs.org/aurelia-history/-/aurelia-history-1.2.1.tgz",
      "integrity": "sha512-mHRgGtOKkvSc7ggdJvQGhjERSW0X4TNasa6JojkWGz9e6swe0HpFysKyMt+Hp7jYmGgiuCcQnM09lhDU1YExPA==",
      "peer": true
    },
    "aurelia-loader": {
      "version": "1.0.2",
      "resolved": "https://registry.npmjs.org/aurelia-loader/-/aurelia-loader-1.0.2.tgz",
      "integrity": "sha512-3owEe5Zsk8cIJG+zcxN6gzqUr2z2c+FKhtrL49e1j8vE4ccQQjXg+tvKFnfBVf3pwma6A474WsdK8poYhoVZyA==",
      "peer": true,
      "requires": {
        "aurelia-metadata": "^1.0.0",
        "aurelia-path": "^1.0.0"
      }
    },
    "aurelia-logging": {
      "version": "1.5.2",
      "resolved": "https://registry.npmjs.org/aurelia-logging/-/aurelia-logging-1.5.2.tgz",
      "integrity": "sha512-R0UdpGYBNSosBZ9WefmoIpgr36szFwQrRk2pbblhI+Vx911dUEEW85QXb6BRKVAP1ykz52Fuq8lCZxR6UupQXA==",
      "peer": true
    },
    "aurelia-materialize-bridge": {
      "version": "1.6.4",
      "resolved": "https://registry.npmjs.org/aurelia-materialize-bridge/-/aurelia-materialize-bridge-1.6.4.tgz",
      "integrity": "sha512-7PWeScHWQJ0xh9YkhEUS13CXsUjXrlwkxSOdEYvs1gipepvhWecxyWBdZWMTmPAzrzXgCUo1GF1YY7jFEXXNRQ==",
      "requires": {}
    },
    "aurelia-metadata": {
      "version": "1.0.7",
      "resolved": "https://registry.npmjs.org/aurelia-metadata/-/aurelia-metadata-1.0.7.tgz",
      "integrity": "sha512-6Q3VV5VvCRjvJyICESwCNSWLkaYml9PAxHo5SjzVv+HNmvFtQRKRazczwECbTD6IWiE+O90+PmamPy4Ac2YnTA==",
      "peer": true,
      "requires": {
        "aurelia-pal": "^1.0.0"
      }
    },
    "aurelia-pal": {
      "version": "1.8.2",
      "resolved": "https://registry.npmjs.org/aurelia-pal/-/aurelia-pal-1.8.2.tgz",
      "integrity": "sha512-6erozUK5aaD88PvThs/L87kLsqxqPaBU59PGECr36v9yezhve0BHqpKgbtJ8haHJSiH80K9lsJtXfefedS/3sw==",
      "peer": true
    },
    "aurelia-path": {
      "version": "1.1.7",
      "resolved": "https://registry.npmjs.org/aurelia-path/-/aurelia-path-1.1.7.tgz",
      "integrity": "sha512-D6/Tz8jE8b2+Y8Pt6P/fxF6xfJGef+TA6YEljzo1kEzyzbxIvwfqc7pK6i/XGY3LowlumPqrhxkfMjPxLpFIcA==",
      "peer": true
    },
    "aurelia-route-recognizer": {
      "version": "1.3.2",
      "resolved": "https://registry.npmjs.org/aurelia-route-recognizer/-/aurelia-route-recognizer-1.3.2.tgz",
      "integrity": "sha512-nBlNSVmN1aX6KpzCzbISrolX8ETqt/Otet+Lp2qpI98ib9ZoSXVrFDZSgPaOSJaUs3A0r+felLSqBm3NNHqy4g==",
      "peer": true,
      "requires": {
        "aurelia-path": "^1.0.0"
      }
    },
    "aurelia-router": {
      "version": "1.7.1",
      "resolved": "https://registry.npmjs.org/aurelia-router/-/aurelia-router-1.7.1.tgz",
      "integrity": "sha512-P6xxikeHHzVLxpZD8tvTwGJmEHY3M1MPTiIYzk32s85scd4kQ77FgQWo77ujYNv6hjrExifLFbrxIB7pUEziIQ==",
      "peer": true,
      "requires": {
        "aurelia-dependency-injection": "^1.0.0",
        "aurelia-event-aggregator": "^1.0.0",
        "aurelia-history": "^1.1.0",
        "aurelia-logging": "^1.0.0",
        "aurelia-path": "^1.0.0",
        "aurelia-route-recognizer": "^1.3.2"
      }
    },
    "aurelia-task-queue": {
      "version": "1.3.3",
      "resolved": "https://registry.npmjs.org/aurelia-task-queue/-/aurelia-task-queue-1.3.3.tgz",
      "integrity": "sha512-ua3J2YO+cZgpn1MqxPlanSDXG4SB0BXotxYDW1iL5f6AsoEvJ3BycZJYw/N9hMQKmWniOeaBr7wGQ+KDiZFywQ==",
      "peer": true,
      "requires": {
        "aurelia-pal": "^1.0.0"
      }
    },
    "aurelia-templating": {
      "version": "1.11.1",
      "resolved": "https://registry.npmjs.org/aurelia-templating/-/aurelia-templating-1.11.1.tgz",
      "integrity": "sha512-7Zrb/yvnIYBIlqGaLXIiBsmWMoFwo3SSoxyoucqWe/M80YpR4LJaTEKoZxhZZI6x9pU+tlFOBkwd/sA1JqPR8w==",
      "peer": true,
      "requires": {
        "aurelia-binding": "^2.0.0",
        "aurelia-dependency-injection": "^1.0.0",
        "aurelia-loader": "^1.0.0",
        "aurelia-logging": "^1.0.0",
        "aurelia-metadata": "^1.0.0",
        "aurelia-pal": "^1.0.0",
        "aurelia-path": "^1.1.7",
        "aurelia-task-queue": "^1.1.0"
      }
    },
    "aurelia-typed-observable-plugin": {
      "version": "0.5.1",
      "resolved": "https://registry.npmjs.org/aurelia-typed-observable-plugin/-/aurelia-typed-observable-plugin-0.5.1.tgz",
      "integrity": "sha512-haZxpYa6awKmEF9o7PWF2T0fy4dRQ44ocE1KNATj5dmlp85UAC/sEEKGWez/75h6tFzOljGfSUY3Ng6avHM3LA==",
      "peer": true,
      "requires": {
        "aurelia-binding": "^2.0.0",
        "aurelia-logging": "^1.5.0",
        "aurelia-metadata": "^1.0.4",
        "aurelia-pal": "^1.7.0",
        "aurelia-task-queue": "^1.3.1",
        "aurelia-templating": "^1.11.1"
      }
    },
    "aurelia-validation": {
      "version": "1.6.0",
      "resolved": "https://registry.npmjs.org/aurelia-validation/-/aurelia-validation-1.6.0.tgz",
      "integrity": "sha512-47TbZ4VUwiVTfWexTjCMAd4DFMc8VqkibwSBZMe1/RPtgSsMffkXucQO5ANNI/e7N2+utx0qaTmEZpgGWvLL7w==",
      "peer": true,
      "requires": {
        "aurelia-binding": "^2.5.2",
        "aurelia-dependency-injection": "^1.5.0",
        "aurelia-logging": "^1.5.0",
        "aurelia-pal": "^1.8.0",
        "aurelia-task-queue": "^1.3.1",
        "aurelia-templating": "^1.9.0"
      }
    },
    "materialize-css": {
      "version": "file:node_modules/aurelia-materialize-bridge/@materializecss/materialize"
    },
    "tslib": {
      "version": "2.4.0",
      "resolved": "https://registry.npmjs.org/tslib/-/tslib-2.4.0.tgz",
      "integrity": "sha512-d6xOpEDfsi2CZVlPQzGeux8XMwLT9hssAsaPYExaQMuYskwb+x1x7J371tWlbBdWHroy99KnVB6qIkUbs5X3UQ==",
      "peer": true
    }
  }
}
